<?xml version="1.0" encoding="utf-8"?>
<Project ToolsVersion="4.0" xmlns="http://schemas.microsoft.com/developer/msbuild/2003">
  <ItemGroup>
    <Filter Include="Source Files">
      <UniqueIdentifier>{4FC737F1-C7A5-4376-A066-2A32D752A2FF}</UniqueIdentifier>
      <Extensions>cpp;c;cc;cxx;def;odl;idl;hpj;bat;asm;asmx</Extensions>
    </Filter>
    <Filter Include="Header Files">
      <UniqueIdentifier>{93995380-89BD-4b04-88EB-625FBE52EBFB}</UniqueIdentifier>
      <Extensions>h;hpp;hxx;hm;inl;inc;xsd</Extensions>
    </Filter>
    <Filter Include="Resource Files">
      <UniqueIdentifier>{67DA6AB6-F800-4c08-8B7A-83BB121AAD01}</UniqueIdentifier>
      <Extensions>rc;ico;cur;bmp;dlg;rc2;rct;bin;rgs;gif;jpg;jpeg;jpe;resx;tiff;tif;png;wav;mfcribbon-ms</Extensions>
    </Filter>
    <Filter Include="Header Files\Instructions">
      <UniqueIdentifier>{99e46e6c-4347-4835-83b1-978d71cdbb28}</UniqueIdentifier>
    </Filter>
    <Filter Include="Source Files\Instructions">
      <UniqueIdentifier>{5eb37929-9a5f-4ee9-bdf6-cb848e4a52e9}</UniqueIdentifier>
    </Filter>
    <Filter Include="Header Files\Types">
      <UniqueIdentifier>{bdf9509f-3642-4c1d-a438-30ea77f4dfd3}</UniqueIdentifier>
    </Filter>
    <Filter Include="Source Files\Types">
      <UniqueIdentifier>{23fccfbf-e654-4681-a714-88f6e36b3c3b}</UniqueIdentifier>
    </Filter>
    <Filter Include="Source Files\Support">
      <UniqueIdentifier>{7cc1388f-3994-44cc-80f9-6d034ecda859}</UniqueIdentifier>
    </Filter>
    <Filter Include="Header Files\Support">
      <UniqueIdentifier>{ea19f563-3b22-4f31-96b1-eca942e0e826}</UniqueIdentifier>
    </Filter>
  </ItemGroup>
  <ItemGroup>
    <ClCompile Include="LLVMContext.cpp">
      <Filter>Source Files</Filter>
    </ClCompile>
    <ClCompile Include="Module.cpp">
      <Filter>Source Files</Filter>
    </ClCompile>
    <ClCompile Include="Interop.cpp">
      <Filter>Source Files</Filter>
    </ClCompile>
    <ClCompile Include="Function.cpp">
      <Filter>Source Files</Filter>
    </ClCompile>
    <ClCompile Include="GlobalValue.cpp">
      <Filter>Source Files</Filter>
    </ClCompile>
    <ClCompile Include="Constant.cpp">
      <Filter>Source Files</Filter>
    </ClCompile>
    <ClCompile Include="IRBuilder.cpp">
      <Filter>Source Files</Filter>
    </ClCompile>
    <ClCompile Include="BasicBlock.cpp">
      <Filter>Source Files</Filter>
    </ClCompile>
    <ClCompile Include="GlobalVariable.cpp">
      <Filter>Source Files</Filter>
    </ClCompile>
    <ClCompile Include="Value.cpp">
      <Filter>Source Files</Filter>
    </ClCompile>
    <ClCompile Include="Intrinsic.cpp">
      <Filter>Source Files</Filter>
    </ClCompile>
    <ClCompile Include="CallInstruction.cpp">
      <Filter>Source Files\Instructions</Filter>
    </ClCompile>
    <ClCompile Include="Instruction.cpp">
      <Filter>Source Files\Instructions</Filter>
    </ClCompile>
    <ClCompile Include="ReturnInstruction.cpp">
      <Filter>Source Files\Instructions</Filter>
    </ClCompile>
    <ClCompile Include="LoadInstruction.cpp">
      <Filter>Source Files\Instructions</Filter>
    </ClCompile>
    <ClCompile Include="PHINode.cpp">
      <Filter>Source Files\Instructions</Filter>
    </ClCompile>
    <ClCompile Include="FunctionType.cpp">
      <Filter>Source Files\Types</Filter>
    </ClCompile>
    <ClCompile Include="IntegerType.cpp">
      <Filter>Source Files\Types</Filter>
    </ClCompile>
    <ClCompile Include="PointerType.cpp">
      <Filter>Source Files\Types</Filter>
    </ClCompile>
    <ClCompile Include="Type.cpp">
      <Filter>Source Files\Types</Filter>
    </ClCompile>
    <ClCompile Include="BranchInstruction.cpp">
      <Filter>Source Files\Instructions</Filter>
    </ClCompile>
    <ClCompile Include="IntegerCompareInstruction.cpp">
      <Filter>Source Files\Instructions</Filter>
    </ClCompile>
    <ClCompile Include="CompareInstruction.cpp">
      <Filter>Source Files\Instructions</Filter>
    </ClCompile>
    <ClCompile Include="Wrapper.cpp">
      <Filter>Source Files</Filter>
    </ClCompile>
    <ClCompile Include="Triple.cpp">
      <Filter>Source Files</Filter>
    </ClCompile>
    <ClCompile Include="TargetRegistry.cpp">
      <Filter>Source Files\Support</Filter>
    </ClCompile>
    <ClCompile Include="Pass.cpp">
      <Filter>Source Files</Filter>
    </ClCompile>
    <ClCompile Include="PassManager.cpp">
      <Filter>Source Files</Filter>
    </ClCompile>
    <ClCompile Include="ArrayType.cpp">
      <Filter>Source Files\Types</Filter>
    </ClCompile>
    <ClCompile Include="ConstantExpr.cpp">
      <Filter>Source Files</Filter>
    </ClCompile>
    <ClCompile Include="ConstantFP.cpp">
      <Filter>Source Files</Filter>
    </ClCompile>
    <ClCompile Include="APFloat.cpp">
      <Filter>Source Files</Filter>
    </ClCompile>
    <ClCompile Include="BlockAddress.cpp">
      <Filter>Source Files</Filter>
    </ClCompile>
    <ClCompile Include="TerminatorInst.cpp">
      <Filter>Source Files</Filter>
    </ClCompile>
    <ClCompile Include="AllocaInstruction.cpp">
      <Filter>Source Files\Instructions</Filter>
    </ClCompile>
    <ClCompile Include="IndirectBrInst.cpp">
      <Filter>Source Files\Instructions</Filter>
    </ClCompile>
    <ClCompile Include="LLVMAttribute.cpp">
      <Filter>Source Files</Filter>
    </ClCompile>
  </ItemGroup>
  <ItemGroup>
    <ClInclude Include="LLVMContext.h">
      <Filter>Header Files</Filter>
    </ClInclude>
    <ClInclude Include="Module.h">
      <Filter>Header Files</Filter>
    </ClInclude>
    <ClInclude Include="Interop.h">
      <Filter>Header Files</Filter>
    </ClInclude>
    <ClInclude Include="Function.h">
      <Filter>Header Files</Filter>
    </ClInclude>
    <ClInclude Include="LinkageType.h">
      <Filter>Header Files</Filter>
    </ClInclude>
    <ClInclude Include="GlobalValue.h">
      <Filter>Header Files</Filter>
    </ClInclude>
    <ClInclude Include="Constant.h">
      <Filter>Header Files</Filter>
    </ClInclude>
    <ClInclude Include="IRBuilder.h">
      <Filter>Header Files</Filter>
    </ClInclude>
    <ClInclude Include="BasicBlock.h">
      <Filter>Header Files</Filter>
    </ClInclude>
    <ClInclude Include="GlobalVariable.h">
      <Filter>Header Files</Filter>
    </ClInclude>
    <ClInclude Include="LLVM.h">
      <Filter>Header Files</Filter>
    </ClInclude>
    <ClInclude Include="Value.h">
      <Filter>Header Files</Filter>
    </ClInclude>
    <ClInclude Include="IntrinsicType.h">
      <Filter>Header Files</Filter>
    </ClInclude>
    <ClInclude Include="Intrinsic.h">
      <Filter>Header Files</Filter>
    </ClInclude>
    <ClInclude Include="CallInstruction.h">
      <Filter>Header Files\Instructions</Filter>
    </ClInclude>
    <ClInclude Include="Instruction.h">
      <Filter>Header Files\Instructions</Filter>
    </ClInclude>
    <ClInclude Include="ReturnInstruction.h">
      <Filter>Header Files\Instructions</Filter>
    </ClInclude>
    <ClInclude Include="LoadInstruction.h">
      <Filter>Header Files\Instructions</Filter>
    </ClInclude>
    <ClInclude Include="PHINode.h">
      <Filter>Header Files\Instructions</Filter>
    </ClInclude>
    <ClInclude Include="FunctionType.h">
      <Filter>Header Files\Types</Filter>
    </ClInclude>
    <ClInclude Include="IntegerType.h">
      <Filter>Header Files\Types</Filter>
    </ClInclude>
    <ClInclude Include="Type.h">
      <Filter>Header Files\Types</Filter>
    </ClInclude>
    <ClInclude Include="PointerType.h">
      <Filter>Header Files\Types</Filter>
    </ClInclude>
    <ClInclude Include="BranchInstruction.h">
      <Filter>Header Files\Instructions</Filter>
    </ClInclude>
    <ClInclude Include="IntegerCompareInstruction.h">
      <Filter>Header Files\Instructions</Filter>
    </ClInclude>
    <ClInclude Include="Predicate.h">
      <Filter>Header Files</Filter>
    </ClInclude>
    <ClInclude Include="CompareInstruction.h">
      <Filter>Header Files\Instructions</Filter>
    </ClInclude>
    <ClInclude Include="InstructionType.h">
      <Filter>Header Files</Filter>
    </ClInclude>
    <ClInclude Include="Wrapper.h">
      <Filter>Header Files</Filter>
    </ClInclude>
    <ClInclude Include="Triple.h">
      <Filter>Header Files</Filter>
    </ClInclude>
    <ClInclude Include="ArchType.h">
      <Filter>Header Files</Filter>
    </ClInclude>
    <ClInclude Include="VendorType.h">
      <Filter>Header Files</Filter>
    </ClInclude>
    <ClInclude Include="OSType.h">
      <Filter>Header Files</Filter>
    </ClInclude>
    <ClInclude Include="EnvironmentType.h">
      <Filter>Header Files</Filter>
    </ClInclude>
    <ClInclude Include="TargetRegistry.h">
      <Filter>Header Files\Support</Filter>
    </ClInclude>
    <ClInclude Include="Pass.h">
      <Filter>Header Files</Filter>
    </ClInclude>
    <ClInclude Include="PassKind.h">
      <Filter>Header Files</Filter>
    </ClInclude>
    <ClInclude Include="PassManager.h">
      <Filter>Header Files</Filter>
    </ClInclude>
    <ClInclude Include="ArrayType.h">
      <Filter>Header Files\Types</Filter>
    </ClInclude>
    <ClInclude Include="ConstantExpr.h">
      <Filter>Header Files</Filter>
    </ClInclude>
    <ClInclude Include="ConstantFP.h">
      <Filter>Header Files</Filter>
    </ClInclude>
    <ClInclude Include="APFloat.h">
      <Filter>Header Files</Filter>
    </ClInclude>
    <ClInclude Include="BlockAddress.h">
      <Filter>Header Files</Filter>
    </ClInclude>
    <ClInclude Include="AttrKind.h">
      <Filter>Header Files</Filter>
    </ClInclude>
    <ClInclude Include="TerminatorInst.h">
      <Filter>Header Files\Instructions</Filter>
    </ClInclude>
    <ClInclude Include="AllocaInstruction.h">
      <Filter>Header Files\Instructions</Filter>
    </ClInclude>
    <ClInclude Include="IndirectBrInst.h">
      <Filter>Header Files\Instructions</Filter>
    </ClInclude>
    <ClInclude Include="LLVMAttribute.h">
      <Filter>Header Files</Filter>
    </ClInclude>
  </ItemGroup>
</Project>